
Microsoft Visual Studio Solution File, Format Version 12.00
# Visual Studio 15
VisualStudioVersion = 15.0.26730.16
MinimumVisualStudioVersion = 10.0.40219.1
Project("{8BC9CEB8-8B4A-11D0-8D11-00A0C91BC942}") = "opencv32", "opencv32\opencv32.vcxproj", "{30FD4053-916F-466A-A7B0-40E0CE064402}"
EndProject
Global
	GlobalSection(SolutionConfigurationPlatforms) = preSolution
		Debug|x64 = Debug|x64
		Debug|x86 = Debug|x86
		Release|x64 = Release|x64
		Release|x86 = Release|x86
	EndGlobalSection
	GlobalSection(ProjectConfigurationPlatforms) = postSolution
		{30FD4053-916F-466A-A7B0-40E0CE064402}.Debug|x64.ActiveCfg = Debug|x64
		{30FD4053-916F-466A-A7B0-40E0CE064402}.Debug|x64.Build.0 = Debug|x64
		{30FD4053-916F-466A-A7B0-40E0CE064402}.Debug|x86.ActiveCfg = Debug|Win32
		{30FD4053-916F-466A-A7B0-40E0CE064402}.Debug|x86.Build.0 = Debug|Win32
		{30FD4053-916F-466A-A7B0-40E0CE064402}.Release|x64.ActiveCfg = Release|x64
		{30FD4053-916F-466A-A7B0-40E0CE064402}.Release|x64.Build.0 = Release|x64
		{30FD4053-916F-466A-A7B0-40E0CE064402}.Release|x86.ActiveCfg = Release|Win32
		{30FD4053-916F-466A-A7B0-40E0CE064402}.Release|x86.Build.0 = Release|Win32
	EndGlobalSection
	GlobalSection(SolutionProperties) = preSolution
		HideSolutionNode = FALSE
	EndGlobalSection
	GlobalSection(ExtensibilityGlobals) = postSolution
		SolutionGuid = {EC4B0CB5-9900-43D2-9387-33AE608F5972}
	EndGlobalSection
EndGlobal
